
Microsoft Visual Studio Solution File, Format Version 12.00
Project("{FAE04EC0-301F-11D3-BF4B-00C04F79EFBC}") = "Unit.API", "Test\Unit\Unit.API\Unit.API.csproj", "{C48B4FFF-C56B-4A37-8D4A-7923686E4190}"
EndProject
Project("{2150E333-8FDC-42A3-9474-1A3956D46DE8}") = "Test", "Test", "{73BEAA0F-C163-40F8-AFD0-E34DA129EA12}"
EndProject
Project("{2150E333-8FDC-42A3-9474-1A3956D46DE8}") = "Source", "Source", "{0340CB56-006D-48ED-95B9-873E43A8B81B}"
EndProject
Project("{2150E333-8FDC-42A3-9474-1A3956D46DE8}") = "Unit", "Unit", "{B5395852-7531-451C-BC19-11D13F7B45E2}"
EndProject
Project("{FAE04EC0-301F-11D3-BF4B-00C04F79EFBC}") = "Unit.Application", "Test\Unit\Unit.Application\Unit.Application.csproj", "{E270413A-2DFC-4B34-9B93-968215C5D2C5}"
EndProject
Project("{FAE04EC0-301F-11D3-BF4B-00C04F79EFBC}") = "Unit.Common", "Test\Unit\Unit.Common\Unit.Common.csproj", "{BEAF0C6D-9DD4-4111-B348-D0214DCC5453}"
EndProject
Project("{FAE04EC0-301F-11D3-BF4B-00C04F79EFBC}") = "Unit.Infrastructure", "Test\Unit\Unit.Infrastructure\Unit.Infrastructure.csproj", "{F98AA6BA-2A8C-4282-A0C0-501CA2495AD6}"
EndProject
Project("{FAE04EC0-301F-11D3-BF4B-00C04F79EFBC}") = "Unit.Domain", "Test\Unit\Unit.Domain\Unit.Domain.csproj", "{EB066B80-EBD3-4527-9D9D-34ADF51901B9}"
EndProject
Project("{2150E333-8FDC-42A3-9474-1A3956D46DE8}") = "Integration", "Integration", "{48A266A2-91F4-4068-AE0F-77CCE246ECA2}"
EndProject
Project("{2150E333-8FDC-42A3-9474-1A3956D46DE8}") = "Acceptance", "Acceptance", "{1206D9D1-83AD-4018-9A96-F0D52A332B64}"
EndProject
Project("{2150E333-8FDC-42A3-9474-1A3956D46DE8}") = "Benchmark", "Benchmark", "{5334AA76-6105-4788-9871-C9215F12DB6B}"
EndProject
Project("{2150E333-8FDC-42A3-9474-1A3956D46DE8}") = "E2E", "E2E", "{E5EF8197-46E2-4641-B263-454197EA1C0D}"
EndProject
Project("{FAE04EC0-301F-11D3-BF4B-00C04F79EFBC}") = "Portfolio.API", "Source\Portfolio.API\Portfolio.API.csproj", "{C45255F8-CEA6-40BC-BB79-7847659F856F}"
EndProject
Project("{FAE04EC0-301F-11D3-BF4B-00C04F79EFBC}") = "Portfolio.Application", "Source\Portfolio.Application\Portfolio.Application.csproj", "{070DB82C-BEDB-4A9F-ACF2-669085755AA6}"
EndProject
Project("{FAE04EC0-301F-11D3-BF4B-00C04F79EFBC}") = "Portfolio.Domain", "Source\Portfolio.Domain\Portfolio.Domain.csproj", "{83FF02F5-170B-4F40-80E3-70283A0A4231}"
EndProject
Project("{FAE04EC0-301F-11D3-BF4B-00C04F79EFBC}") = "Portfolio.Infrastructure", "Source\Portfolio.Infrastructure\Portfolio.Infrastructure.csproj", "{EC0BA27E-380D-4E13-B175-1F61B7D2193A}"
EndProject
Project("{FAE04EC0-301F-11D3-BF4B-00C04F79EFBC}") = "Portfolio.Common", "Source\Libraries\Portfolio.Common\Portfolio.Common.csproj", "{BB031F31-A602-4E1F-A2DE-563251A51B51}"
EndProject
Project("{FAE04EC0-301F-11D3-BF4B-00C04F79EFBC}") = "Portfolio.Presentation", "Source\Portfolio.Presentation\Portfolio.Presentation.csproj", "{758662DE-45B6-4DD1-BE8F-5E2B3CCD671E}"
EndProject
Project("{2150E333-8FDC-42A3-9474-1A3956D46DE8}") = "Libraries", "Libraries", "{8CD7DF80-9024-4BA6-9506-FA63B3D51B4F}"
EndProject
Project("{FAE04EC0-301F-11D3-BF4B-00C04F79EFBC}") = "Portfolio.Crawler", "Source\Libraries\Portfolio.Crawler\Portfolio.Crawler.csproj", "{9AEA500A-B0FC-4BA8-B68E-3C200D764AB9}"
EndProject
Project("{2150E333-8FDC-42A3-9474-1A3956D46DE8}") = "Docs", "Docs", "{D45CCAFB-57DB-48EB-8747-C74A61BCD4FB}"
EndProject
Global
	GlobalSection(SolutionConfigurationPlatforms) = preSolution
		Debug|Any CPU = Debug|Any CPU
		Release|Any CPU = Release|Any CPU
	EndGlobalSection
	GlobalSection(ProjectConfigurationPlatforms) = postSolution
		{C48B4FFF-C56B-4A37-8D4A-7923686E4190}.Debug|Any CPU.ActiveCfg = Debug|Any CPU
		{C48B4FFF-C56B-4A37-8D4A-7923686E4190}.Debug|Any CPU.Build.0 = Debug|Any CPU
		{C48B4FFF-C56B-4A37-8D4A-7923686E4190}.Release|Any CPU.ActiveCfg = Release|Any CPU
		{C48B4FFF-C56B-4A37-8D4A-7923686E4190}.Release|Any CPU.Build.0 = Release|Any CPU
		{E270413A-2DFC-4B34-9B93-968215C5D2C5}.Debug|Any CPU.ActiveCfg = Debug|Any CPU
		{E270413A-2DFC-4B34-9B93-968215C5D2C5}.Debug|Any CPU.Build.0 = Debug|Any CPU
		{E270413A-2DFC-4B34-9B93-968215C5D2C5}.Release|Any CPU.ActiveCfg = Release|Any CPU
		{E270413A-2DFC-4B34-9B93-968215C5D2C5}.Release|Any CPU.Build.0 = Release|Any CPU
		{BEAF0C6D-9DD4-4111-B348-D0214DCC5453}.Debug|Any CPU.ActiveCfg = Debug|Any CPU
		{BEAF0C6D-9DD4-4111-B348-D0214DCC5453}.Debug|Any CPU.Build.0 = Debug|Any CPU
		{BEAF0C6D-9DD4-4111-B348-D0214DCC5453}.Release|Any CPU.ActiveCfg = Release|Any CPU
		{BEAF0C6D-9DD4-4111-B348-D0214DCC5453}.Release|Any CPU.Build.0 = Release|Any CPU
		{F98AA6BA-2A8C-4282-A0C0-501CA2495AD6}.Debug|Any CPU.ActiveCfg = Debug|Any CPU
		{F98AA6BA-2A8C-4282-A0C0-501CA2495AD6}.Debug|Any CPU.Build.0 = Debug|Any CPU
		{F98AA6BA-2A8C-4282-A0C0-501CA2495AD6}.Release|Any CPU.ActiveCfg = Release|Any CPU
		{F98AA6BA-2A8C-4282-A0C0-501CA2495AD6}.Release|Any CPU.Build.0 = Release|Any CPU
		{EB066B80-EBD3-4527-9D9D-34ADF51901B9}.Debug|Any CPU.ActiveCfg = Debug|Any CPU
		{EB066B80-EBD3-4527-9D9D-34ADF51901B9}.Debug|Any CPU.Build.0 = Debug|Any CPU
		{EB066B80-EBD3-4527-9D9D-34ADF51901B9}.Release|Any CPU.ActiveCfg = Release|Any CPU
		{EB066B80-EBD3-4527-9D9D-34ADF51901B9}.Release|Any CPU.Build.0 = Release|Any CPU
		{C45255F8-CEA6-40BC-BB79-7847659F856F}.Debug|Any CPU.ActiveCfg = Debug|Any CPU
		{C45255F8-CEA6-40BC-BB79-7847659F856F}.Debug|Any CPU.Build.0 = Debug|Any CPU
		{C45255F8-CEA6-40BC-BB79-7847659F856F}.Release|Any CPU.ActiveCfg = Release|Any CPU
		{C45255F8-CEA6-40BC-BB79-7847659F856F}.Release|Any CPU.Build.0 = Release|Any CPU
		{070DB82C-BEDB-4A9F-ACF2-669085755AA6}.Debug|Any CPU.ActiveCfg = Debug|Any CPU
		{070DB82C-BEDB-4A9F-ACF2-669085755AA6}.Debug|Any CPU.Build.0 = Debug|Any CPU
		{070DB82C-BEDB-4A9F-ACF2-669085755AA6}.Release|Any CPU.ActiveCfg = Release|Any CPU
		{070DB82C-BEDB-4A9F-ACF2-669085755AA6}.Release|Any CPU.Build.0 = Release|Any CPU
		{83FF02F5-170B-4F40-80E3-70283A0A4231}.Debug|Any CPU.ActiveCfg = Debug|Any CPU
		{83FF02F5-170B-4F40-80E3-70283A0A4231}.Debug|Any CPU.Build.0 = Debug|Any CPU
		{83FF02F5-170B-4F40-80E3-70283A0A4231}.Release|Any CPU.ActiveCfg = Release|Any CPU
		{83FF02F5-170B-4F40-80E3-70283A0A4231}.Release|Any CPU.Build.0 = Release|Any CPU
		{EC0BA27E-380D-4E13-B175-1F61B7D2193A}.Debug|Any CPU.ActiveCfg = Debug|Any CPU
		{EC0BA27E-380D-4E13-B175-1F61B7D2193A}.Debug|Any CPU.Build.0 = Debug|Any CPU
		{EC0BA27E-380D-4E13-B175-1F61B7D2193A}.Release|Any CPU.ActiveCfg = Release|Any CPU
		{EC0BA27E-380D-4E13-B175-1F61B7D2193A}.Release|Any CPU.Build.0 = Release|Any CPU
		{BB031F31-A602-4E1F-A2DE-563251A51B51}.Debug|Any CPU.ActiveCfg = Debug|Any CPU
		{BB031F31-A602-4E1F-A2DE-563251A51B51}.Debug|Any CPU.Build.0 = Debug|Any CPU
		{BB031F31-A602-4E1F-A2DE-563251A51B51}.Release|Any CPU.ActiveCfg = Release|Any CPU
		{BB031F31-A602-4E1F-A2DE-563251A51B51}.Release|Any CPU.Build.0 = Release|Any CPU
		{758662DE-45B6-4DD1-BE8F-5E2B3CCD671E}.Debug|Any CPU.ActiveCfg = Debug|Any CPU
		{758662DE-45B6-4DD1-BE8F-5E2B3CCD671E}.Debug|Any CPU.Build.0 = Debug|Any CPU
		{758662DE-45B6-4DD1-BE8F-5E2B3CCD671E}.Release|Any CPU.ActiveCfg = Release|Any CPU
		{758662DE-45B6-4DD1-BE8F-5E2B3CCD671E}.Release|Any CPU.Build.0 = Release|Any CPU
		{9AEA500A-B0FC-4BA8-B68E-3C200D764AB9}.Debug|Any CPU.ActiveCfg = Debug|Any CPU
		{9AEA500A-B0FC-4BA8-B68E-3C200D764AB9}.Debug|Any CPU.Build.0 = Debug|Any CPU
		{9AEA500A-B0FC-4BA8-B68E-3C200D764AB9}.Release|Any CPU.ActiveCfg = Release|Any CPU
		{9AEA500A-B0FC-4BA8-B68E-3C200D764AB9}.Release|Any CPU.Build.0 = Release|Any CPU
	EndGlobalSection
	GlobalSection(NestedProjects) = preSolution
		{B5395852-7531-451C-BC19-11D13F7B45E2} = {73BEAA0F-C163-40F8-AFD0-E34DA129EA12}
		{C48B4FFF-C56B-4A37-8D4A-7923686E4190} = {B5395852-7531-451C-BC19-11D13F7B45E2}
		{E270413A-2DFC-4B34-9B93-968215C5D2C5} = {B5395852-7531-451C-BC19-11D13F7B45E2}
		{BEAF0C6D-9DD4-4111-B348-D0214DCC5453} = {B5395852-7531-451C-BC19-11D13F7B45E2}
		{F98AA6BA-2A8C-4282-A0C0-501CA2495AD6} = {B5395852-7531-451C-BC19-11D13F7B45E2}
		{EB066B80-EBD3-4527-9D9D-34ADF51901B9} = {B5395852-7531-451C-BC19-11D13F7B45E2}
		{48A266A2-91F4-4068-AE0F-77CCE246ECA2} = {73BEAA0F-C163-40F8-AFD0-E34DA129EA12}
		{1206D9D1-83AD-4018-9A96-F0D52A332B64} = {73BEAA0F-C163-40F8-AFD0-E34DA129EA12}
		{5334AA76-6105-4788-9871-C9215F12DB6B} = {73BEAA0F-C163-40F8-AFD0-E34DA129EA12}
		{E5EF8197-46E2-4641-B263-454197EA1C0D} = {73BEAA0F-C163-40F8-AFD0-E34DA129EA12}
		{C45255F8-CEA6-40BC-BB79-7847659F856F} = {0340CB56-006D-48ED-95B9-873E43A8B81B}
		{070DB82C-BEDB-4A9F-ACF2-669085755AA6} = {0340CB56-006D-48ED-95B9-873E43A8B81B}
		{83FF02F5-170B-4F40-80E3-70283A0A4231} = {0340CB56-006D-48ED-95B9-873E43A8B81B}
		{EC0BA27E-380D-4E13-B175-1F61B7D2193A} = {0340CB56-006D-48ED-95B9-873E43A8B81B}
		{758662DE-45B6-4DD1-BE8F-5E2B3CCD671E} = {0340CB56-006D-48ED-95B9-873E43A8B81B}
		{8CD7DF80-9024-4BA6-9506-FA63B3D51B4F} = {0340CB56-006D-48ED-95B9-873E43A8B81B}
		{9AEA500A-B0FC-4BA8-B68E-3C200D764AB9} = {8CD7DF80-9024-4BA6-9506-FA63B3D51B4F}
		{BB031F31-A602-4E1F-A2DE-563251A51B51} = {8CD7DF80-9024-4BA6-9506-FA63B3D51B4F}
	EndGlobalSection
EndGlobal
